# Generated by conda-lock.
# platform: win-64
# input_hash: 14ea58fa2055455cbabb4096a131d3f7b981530820243e824ab5db17cc72e18e
@EXPLICIT
https://conda.anaconda.org/conda-forge/win-64/ca-certificates-2022.9.24-h5b45459_0.tar.bz2#5fba0abc60bf327a4bc4188cd64678be
https://conda.anaconda.org/conda-forge/win-64/intel-openmp-2022.1.0-h57928b3_3787.tar.bz2#35dff2b6e944ce136a574c4c006cec28
https://conda.anaconda.org/conda-forge/win-64/mpi-1.0-msmpi.tar.bz2#ecf470117289595887c7efda5de48a38
https://conda.anaconda.org/conda-forge/win-64/msys2-conda-epoch-20160418-1.tar.bz2#b0309b72560df66f71a9d5e34a5efdfa
https://conda.anaconda.org/conda-forge/noarch/tzdata-2022f-h191b570_0.tar.bz2#e366350e2343a798e29833286abe2560
https://conda.anaconda.org/conda-forge/win-64/ucrt-10.0.22621.0-h57928b3_0.tar.bz2#72608f6cd3e5898229c3ea16deb1ac43
https://conda.anaconda.org/conda-forge/win-64/m2w64-gmp-6.1.0-2.tar.bz2#53a1c73e1e3d185516d7e3af177596d9
https://conda.anaconda.org/conda-forge/win-64/m2w64-libwinpthread-git-5.0.0.4634.697f757-2.tar.bz2#774130a326dee16f1ceb05cc687ee4f0
https://conda.anaconda.org/conda-forge/win-64/vs2015_runtime-14.32.31332-h1d6e394_9.tar.bz2#c98b6e39006315599b793592bcc3c978
https://conda.anaconda.org/conda-forge/win-64/m2w64-gcc-libs-core-5.3.0-7.tar.bz2#4289d80fb4d272f1f3b56cfe87ac90bd
https://conda.anaconda.org/conda-forge/win-64/vc-14.3-h3d8a991_9.tar.bz2#ba28983ef4f6d430827d0e7c5cdd7b48
https://conda.anaconda.org/conda-forge/win-64/bzip2-1.0.8-h8ffe710_4.tar.bz2#7c03c66026944073040cb19a4f3ec3c9
https://conda.anaconda.org/conda-forge/win-64/libffi-3.4.2-h8ffe710_5.tar.bz2#2c96d1b6915b408893f9472569dee135
https://conda.anaconda.org/conda-forge/win-64/libsqlite-3.39.4-hcfcfb64_0.tar.bz2#9484be835acbd4ec7920ba013a0cc5bf
https://conda.anaconda.org/conda-forge/win-64/libzlib-1.2.13-hcfcfb64_4.tar.bz2#0cc5c5cc64ee1637f37f8540a175854c
https://conda.anaconda.org/conda-forge/win-64/m2w64-gcc-libgfortran-5.3.0-6.tar.bz2#066552ac6b907ec6d72c0ddab29050dc
https://conda.anaconda.org/conda-forge/win-64/openssl-3.0.7-hcfcfb64_0.tar.bz2#a87ab36dc95970e3b4b63b7599bebdbe
https://conda.anaconda.org/conda-forge/win-64/tbb-2021.6.0-h91493d7_1.tar.bz2#7f9dddcd2f9cc334282e4e9c3f7b41ae
https://conda.anaconda.org/conda-forge/win-64/tk-8.6.12-h8ffe710_0.tar.bz2#c69a5047cc9291ae40afd4a1ad6f0c0f
https://conda.anaconda.org/conda-forge/win-64/xz-5.2.6-h8d14728_0.tar.bz2#515d77642eaa3639413c6b1bc3f94219
https://conda.anaconda.org/conda-forge/win-64/yaml-0.2.5-h8ffe710_2.tar.bz2#adbfb9f45d1004a26763652246a33764
https://conda.anaconda.org/conda-forge/win-64/m2w64-gcc-libs-5.3.0-7.tar.bz2#fe759119b8b3bfa720b8762c6fdc35de
https://conda.anaconda.org/conda-forge/win-64/mkl-2022.1.0-h6a75c08_874.tar.bz2#2ff89a7337a9636029b4db9466e9f8e3
https://conda.anaconda.org/conda-forge/win-64/python-3.10.6-hcf16a7b_0_cpython.tar.bz2#fd37ee80fffd9209ce2d2c869920f16e
https://conda.anaconda.org/conda-forge/noarch/appdirs-1.4.4-pyh9f0ad1d_0.tar.bz2#5f095bc6454094e96f146491fd03633b
https://conda.anaconda.org/conda-forge/noarch/cachy-0.3.0-pyhd8ed1ab_1.tar.bz2#5dfee17f24e2dfd18d7392b48c9351e2
https://conda.anaconda.org/conda-forge/noarch/certifi-2022.9.24-pyhd8ed1ab_0.tar.bz2#f66309b099374af91369e67e84af397d
https://conda.anaconda.org/conda-forge/noarch/charset-normalizer-2.1.1-pyhd8ed1ab_0.tar.bz2#c1d5b294fbf9a795dec349a6f4d8be8e
https://conda.anaconda.org/conda-forge/noarch/colorama-0.4.6-pyhd8ed1ab_0.tar.bz2#3faab06a954c2a04039983f2c4a50d99
https://conda.anaconda.org/conda-forge/noarch/crashtest-0.3.1-pyhd8ed1ab_0.tar.bz2#b8477552274c1cfdb533e954c76523f1
https://conda.anaconda.org/conda-forge/noarch/distlib-0.3.5-pyhd8ed1ab_0.tar.bz2#f15c3912378a07726093cc94d1e13251
https://conda.anaconda.org/conda-forge/noarch/filelock-3.8.0-pyhd8ed1ab_0.tar.bz2#10f0218dbd493ab2e5dc6759ddea4526
https://conda.anaconda.org/conda-forge/noarch/idna-3.4-pyhd8ed1ab_0.tar.bz2#34272b248891bddccc64479f9a7fffed
https://conda.anaconda.org/conda-forge/win-64/libblas-3.9.0-16_win64_mkl.tar.bz2#d2e6f4e86cee2b4e8c27ff6884ccdc61
https://conda.anaconda.org/conda-forge/noarch/lockfile-0.12.2-py_1.tar.bz2#c104d98e09c47519950cffb8dd5b4f10
https://conda.anaconda.org/conda-forge/noarch/more-itertools-9.0.0-pyhd8ed1ab_0.tar.bz2#9b6ad26944f19f599800b068e0582227
https://conda.anaconda.org/conda-forge/win-64/msmpi-10.1.1-h3502643_7.tar.bz2#00c53b79e837c2b7b0b6edffb0bcb55e
https://conda.anaconda.org/conda-forge/noarch/pastel-0.2.1-pyhd8ed1ab_0.tar.bz2#a4eea5bff523f26442405bc5d1f52adb
https://conda.anaconda.org/conda-forge/noarch/pkginfo-1.8.3-pyhd8ed1ab_0.tar.bz2#0f2d0da112ff6fd76cc3ce038d72d2c9
https://conda.anaconda.org/conda-forge/noarch/platformdirs-2.5.2-pyhd8ed1ab_1.tar.bz2#2fb3f88922e7aec26ba652fcdfe13950
https://conda.anaconda.org/conda-forge/noarch/ptyprocess-0.7.0-pyhd3deb0d_0.tar.bz2#359eeb6536da0e687af562ed265ec263
https://conda.anaconda.org/conda-forge/noarch/pycparser-2.21-pyhd8ed1ab_0.tar.bz2#076becd9e05608f8dc72757d5f3a91ff
https://conda.anaconda.org/conda-forge/noarch/pylev-1.4.0-pyhd8ed1ab_0.tar.bz2#edf8651c4379d9d1495ad6229622d150
https://conda.anaconda.org/conda-forge/noarch/pyparsing-3.0.9-pyhd8ed1ab_0.tar.bz2#e8fbc1b54b25f4b08281467bc13b70cc
https://conda.anaconda.org/conda-forge/win-64/python_abi-3.10-2_cp310.tar.bz2#aaa900b98edb2e67106b461ff365ba57
https://conda.anaconda.org/conda-forge/noarch/setuptools-65.5.1-pyhd8ed1ab_0.tar.bz2#cfb8dc4d9d285ca5fb1177b9dd450e33
https://conda.anaconda.org/conda-forge/noarch/shellingham-1.5.0-pyhd8ed1ab_0.tar.bz2#65bacdee3cac51e49f45d530bbd5e90f
https://conda.anaconda.org/conda-forge/noarch/six-1.16.0-pyh6c4a22f_0.tar.bz2#e5f25f8dbc060e9a8d912e432202afc2
https://conda.anaconda.org/conda-forge/noarch/tomli-2.0.1-pyhd8ed1ab_0.tar.bz2#5844808ffab9ebdb694585b50ba02a96
https://conda.anaconda.org/conda-forge/noarch/toolz-0.12.0-pyhd8ed1ab_0.tar.bz2#92facfec94bc02d6ccf42e7173831a36
https://conda.anaconda.org/conda-forge/noarch/typing-3.10.0.0-pyhd8ed1ab_0.tar.bz2#e6573ac68718f17b9d4f5c8eda3190f2
https://conda.anaconda.org/conda-forge/noarch/typing_extensions-4.4.0-pyha770c72_0.tar.bz2#2d93b130d148d7fc77e583677792fc6a
https://conda.anaconda.org/conda-forge/noarch/webencodings-0.5.1-py_1.tar.bz2#3563be4c5611a44210d9ba0c16113136
https://conda.anaconda.org/conda-forge/noarch/wheel-0.38.3-pyhd8ed1ab_0.tar.bz2#33c507250971444295427186f223b00d
https://conda.anaconda.org/conda-forge/noarch/win_inet_pton-1.1.0-pyhd8ed1ab_6.tar.bz2#30878ecc4bd36e8deeea1e3c151b2e0b
https://conda.anaconda.org/conda-forge/noarch/zipp-3.10.0-pyhd8ed1ab_0.tar.bz2#cd4eb48ebde7de61f92252979aab515c
https://conda.anaconda.org/conda-forge/win-64/cffi-1.15.1-py310h628cb3f_2.tar.bz2#ec6be66017eb91c9077abe15dcb19e75
https://conda.anaconda.org/conda-forge/noarch/click-8.1.3-win_pyhd8ed1ab_2.tar.bz2#6b58680207b526c42dcff68b543803dd
https://conda.anaconda.org/conda-forge/noarch/clikit-0.6.2-pyh9f0ad1d_0.tar.bz2#159273f717a11e53b2656f8b6521a5e2
https://conda.anaconda.org/conda-forge/noarch/html5lib-1.1-pyh9f0ad1d_0.tar.bz2#b2355343d6315c892543200231d7154a
https://conda.anaconda.org/conda-forge/noarch/importlib-metadata-1.7.0-pyhd8ed1ab_1.tar.bz2#19187069400a0f15d43de319fd56c6f0
https://conda.anaconda.org/conda-forge/noarch/jaraco.classes-3.2.3-pyhd8ed1ab_0.tar.bz2#31e4a1506968d017229bdb64695013a1
https://conda.anaconda.org/conda-forge/win-64/libcblas-3.9.0-16_win64_mkl.tar.bz2#14c2fb03b2bb14dfa3806186ca91d557
https://conda.anaconda.org/conda-forge/win-64/liblapack-3.9.0-16_win64_mkl.tar.bz2#be2f9d5712a5bb05cd900005ee752a05
https://conda.anaconda.org/conda-forge/win-64/markupsafe-2.1.1-py310h8d17308_2.tar.bz2#24e57be449c71b8edc52cc6a48ff846d
https://conda.anaconda.org/conda-forge/win-64/mpi4py-3.1.4-py310h1af2bfe_0.tar.bz2#40f81cffe4a3badb984ac2b5dabb83e2
https://conda.anaconda.org/conda-forge/win-64/msgpack-python-1.0.4-py310h232114e_1.tar.bz2#037a60d74aadd3a2f10e1e9580a42a9b
https://conda.anaconda.org/conda-forge/noarch/packaging-20.9-pyh44b312d_0.tar.bz2#be69a38e912054a62dc82cc3c7711a64
https://conda.anaconda.org/conda-forge/noarch/pexpect-4.8.0-pyh1a96a4e_2.tar.bz2#330448ce4403cc74990ac07c555942a1
https://conda.anaconda.org/conda-forge/noarch/pip-22.3.1-pyhd8ed1ab_0.tar.bz2#da66f2851b9836d3a7c5190082a45f7d
https://conda.anaconda.org/conda-forge/win-64/poetry-core-1.0.8-py310h5588dad_1.tar.bz2#a15f6e219a4f2b73bccf2210e0f63364
https://conda.anaconda.org/conda-forge/noarch/pysocks-1.7.1-pyh0701188_6.tar.bz2#56cd9fe388baac0e90c7149cfac95b60
https://conda.anaconda.org/conda-forge/win-64/pywin32-ctypes-0.2.0-py310h5588dad_1006.tar.bz2#8fa9c1b03d838a262be611ca23003ebd
https://conda.anaconda.org/conda-forge/win-64/pyyaml-6.0-py310h8d17308_5.tar.bz2#d0daf3eed98dd2bf4337ed08d8011eb8
https://conda.anaconda.org/conda-forge/win-64/ruamel.yaml.clib-0.2.7-py310h8d17308_0.tar.bz2#b3ef8910b2d18259dbddaee0eb19ef9b
https://conda.anaconda.org/conda-forge/noarch/tomlkit-0.11.6-pyha770c72_0.tar.bz2#471bf9e605820b59988e830382b8d654
https://conda.anaconda.org/conda-forge/noarch/typing-extensions-4.4.0-hd8ed1ab_0.tar.bz2#be969210b61b897775a0de63cd9e9026
https://conda.anaconda.org/conda-forge/win-64/virtualenv-20.16.5-py310h5588dad_1.tar.bz2#f86ddab521ef1f4f29f4d25fdb4ee255
https://conda.anaconda.org/conda-forge/win-64/brotlipy-0.7.0-py310h8d17308_1005.tar.bz2#6cb010e0fa21d7b606a13038a89ccbc2
https://conda.anaconda.org/conda-forge/noarch/cleo-0.8.1-pyhd8ed1ab_2.tar.bz2#4c82b11a3d06031bd58e7d869f53d965
https://conda.anaconda.org/conda-forge/noarch/click-default-group-1.2.2-pyhd8ed1ab_1.tar.bz2#72a46ffc25701c173932fd55cf0965d3
https://conda.anaconda.org/conda-forge/win-64/cryptography-38.0.3-py310h6e82f81_0.tar.bz2#b08acdd3674bab4a28fa53853e444921
https://conda.anaconda.org/conda-forge/noarch/jinja2-3.1.2-pyhd8ed1ab_1.tar.bz2#c8490ed5c70966d232fdd389d0dbed37
https://conda.anaconda.org/conda-forge/win-64/keyring-23.9.3-py310h5588dad_1.tar.bz2#fc6a4bb0e6787666cfd81a3f2951d8d6
https://conda.anaconda.org/conda-forge/win-64/numpy-1.23.4-py310h4a8f9c9_1.tar.bz2#3e912fdde0f115791cb783fd35d41ad8
https://conda.anaconda.org/conda-forge/win-64/pydantic-1.10.2-py310h8d17308_1.tar.bz2#675afeba3c75ece50ef5b1f22350a710
https://conda.anaconda.org/conda-forge/win-64/ruamel.yaml-0.17.21-py310h8d17308_2.tar.bz2#266f81ef89f0cfef72a628e236147f7f
https://conda.anaconda.org/conda-forge/win-64/pyerfa-2.0.0.1-py310h9b08ddd_3.tar.bz2#b759f4f524e56ab207c6c309ae51b3ac
https://conda.anaconda.org/conda-forge/noarch/pyopenssl-22.1.0-pyhd8ed1ab_0.tar.bz2#fbfa0a180d48c800f922a10a114a8632
https://conda.anaconda.org/conda-forge/win-64/astropy-4.3.1-py310h2873277_2.tar.bz2#19233d445056dcf75c6f4a768ebdad82
https://conda.anaconda.org/conda-forge/noarch/urllib3-1.26.11-pyhd8ed1ab_0.tar.bz2#0738978569b10669bdef41c671252dd1
https://conda.anaconda.org/conda-forge/noarch/requests-2.28.1-pyhd8ed1ab_1.tar.bz2#089382ee0e2dc2eae33a04cc3c2bddb0
https://conda.anaconda.org/conda-forge/noarch/cachecontrol-0.12.12-pyhd8ed1ab_1.tar.bz2#e4b40ac0d53e81ebf8892e3b3ca9c1cf
https://conda.anaconda.org/conda-forge/noarch/ensureconda-1.4.3-pyhd8ed1ab_0.tar.bz2#c99ae3abf501990769047b4b40a98f17
https://conda.anaconda.org/conda-forge/noarch/requests-toolbelt-0.9.1-py_0.tar.bz2#402668adee8fcba9a9c265cdc2a88f5a
https://conda.anaconda.org/conda-forge/noarch/conda-lock-1.2.1-pyhd8ed1ab_1.tar.bz2#7b1dde4760c5c554523fead6c2771af2
https://conda.anaconda.org/conda-forge/noarch/poetry-1.1.15-pyhd8ed1ab_1.tar.bz2#71b5d40b39bada315e8befce56145062
